// !$*UTF8*$!
{
	archiveVersion = 1;
	classes = {
	};
	objectVersion = 56;
	objects = {

/* Begin PBXBuildFile section */
		5B2987E2291F379500202D8D /* FancyControlsAppApp.swift in Sources */ = {isa = PBXBuildFile; fileRef = 5B2987E1291F379500202D8D /* FancyControlsAppApp.swift */; };
		5B2987E4291F379500202D8D /* ContentView.swift in Sources */ = {isa = PBXBuildFile; fileRef = 5B2987E3291F379500202D8D /* ContentView.swift */; };
		5B2987E6291F379700202D8D /* Assets.xcassets in Resources */ = {isa = PBXBuildFile; fileRef = 5B2987E5291F379700202D8D /* Assets.xcassets */; };
		5B2987E9291F379700202D8D /* Preview Assets.xcassets in Resources */ = {isa = PBXBuildFile; fileRef = 5B2987E8291F379700202D8D /* Preview Assets.xcassets */; };
		5B2987F1291F37F800202D8D /* CompositeCollectionView.swift in Sources */ = {isa = PBXBuildFile; fileRef = 5B2987F0291F37F800202D8D /* CompositeCollectionView.swift */; };
		5B2987F42920DC4000202D8D /* CompositeLayoutFactory.swift in Sources */ = {isa = PBXBuildFile; fileRef = 5B2987F32920DC4000202D8D /* CompositeLayoutFactory.swift */; };
		5B2987F82920DEDE00202D8D /* CompositeLayoutSectionAndItemMap.swift in Sources */ = {isa = PBXBuildFile; fileRef = 5B2987F72920DEDE00202D8D /* CompositeLayoutSectionAndItemMap.swift */; };
		5B2987FC2920E4C900202D8D /* UIColorExtension.swift in Sources */ = {isa = PBXBuildFile; fileRef = 5B2987FB2920E4C900202D8D /* UIColorExtension.swift */; };
		5B2987FE29213E0500202D8D /* CompositeCollectionViewGalleryView.swift in Sources */ = {isa = PBXBuildFile; fileRef = 5B2987FD29213E0500202D8D /* CompositeCollectionViewGalleryView.swift */; };
		5B2988012923536800202D8D /* SwiftUIControlsView.swift in Sources */ = {isa = PBXBuildFile; fileRef = 5B2988002923536800202D8D /* SwiftUIControlsView.swift */; };
		5B2988042923DF2300202D8D /* ImageCache.swift in Sources */ = {isa = PBXBuildFile; fileRef = 5B2988032923DF2300202D8D /* ImageCache.swift */; };
		5B2988062923E45000202D8D /* ImageLoader.swift in Sources */ = {isa = PBXBuildFile; fileRef = 5B2988052923E45000202D8D /* ImageLoader.swift */; };
		5B2988082923EA0A00202D8D /* SwiftUIControlsViewModel.swift in Sources */ = {isa = PBXBuildFile; fileRef = 5B2988072923EA0A00202D8D /* SwiftUIControlsViewModel.swift */; };
		5B29880B2924176900202D8D /* SwiftUIKitViewController.swift in Sources */ = {isa = PBXBuildFile; fileRef = 5B29880A2924176900202D8D /* SwiftUIKitViewController.swift */; };
		5B298812292E3FDB00202D8D /* CollectionListModel.swift in Sources */ = {isa = PBXBuildFile; fileRef = 5B298811292E3FDB00202D8D /* CollectionListModel.swift */; };
		5B298815292F0D2800202D8D /* GenericListView.swift in Sources */ = {isa = PBXBuildFile; fileRef = 5B298814292F0D2800202D8D /* GenericListView.swift */; };
		5B298818292F0EDB00202D8D /* ChatsFactory.swift in Sources */ = {isa = PBXBuildFile; fileRef = 5B298817292F0EDB00202D8D /* ChatsFactory.swift */; };
		5B29881B292F0F0400202D8D /* GenericCollectionFactory.swift in Sources */ = {isa = PBXBuildFile; fileRef = 5B29881A292F0F0400202D8D /* GenericCollectionFactory.swift */; };
		5B29881E292F0FDF00202D8D /* UserChatCellView.swift in Sources */ = {isa = PBXBuildFile; fileRef = 5B29881D292F0FDF00202D8D /* UserChatCellView.swift */; };
		5B298822292F173500202D8D /* GenericCollectionViewModel.swift in Sources */ = {isa = PBXBuildFile; fileRef = 5B298821292F173500202D8D /* GenericCollectionViewModel.swift */; };
		5B298824292F18AB00202D8D /* ChatsCollectionViewModel.swift in Sources */ = {isa = PBXBuildFile; fileRef = 5B298823292F18AB00202D8D /* ChatsCollectionViewModel.swift */; };
		5B298826292F86D500202D8D /* GroupChatCellView.swift in Sources */ = {isa = PBXBuildFile; fileRef = 5B298825292F86D500202D8D /* GroupChatCellView.swift */; };
		5B29882B2935F59C00202D8D /* PhotosListView.swift in Sources */ = {isa = PBXBuildFile; fileRef = 5B29882A2935F59C00202D8D /* PhotosListView.swift */; };
		5B29882D2935F5AC00202D8D /* PhotosCellView.swift in Sources */ = {isa = PBXBuildFile; fileRef = 5B29882C2935F5AC00202D8D /* PhotosCellView.swift */; };
		5B29883129364BAF00202D8D /* PhotoLibraryService.swift in Sources */ = {isa = PBXBuildFile; fileRef = 5B29883029364BAF00202D8D /* PhotoLibraryService.swift */; };
		5B2988332936FFE900202D8D /* PhotosListManager.swift in Sources */ = {isa = PBXBuildFile; fileRef = 5B2988322936FFE900202D8D /* PhotosListManager.swift */; };
		5B2988352937397C00202D8D /* PhotosLibraryViewModel.swift in Sources */ = {isa = PBXBuildFile; fileRef = 5B2988342937397C00202D8D /* PhotosLibraryViewModel.swift */; };
		5B29883729373B2D00202D8D /* PhotosCellViewModel.swift in Sources */ = {isa = PBXBuildFile; fileRef = 5B29883629373B2D00202D8D /* PhotosCellViewModel.swift */; };
		5B2ED4202937D4F10049062C /* ShadowedViewWithBackground.swift in Sources */ = {isa = PBXBuildFile; fileRef = 5B2ED41F2937D4F10049062C /* ShadowedViewWithBackground.swift */; };
		5B2ED426293CAC3B0049062C /* SpotifyAlbumDetailView.swift in Sources */ = {isa = PBXBuildFile; fileRef = 5B2ED425293CAC3B0049062C /* SpotifyAlbumDetailView.swift */; };
		5B2ED429293CF97A0049062C /* ParallaxListView.swift in Sources */ = {isa = PBXBuildFile; fileRef = 5B2ED428293CF97A0049062C /* ParallaxListView.swift */; };
/* End PBXBuildFile section */

/* Begin PBXFileReference section */
		5B2987DE291F379500202D8D /* FancyControlsApp.app */ = {isa = PBXFileReference; explicitFileType = wrapper.application; includeInIndex = 0; path = FancyControlsApp.app; sourceTree = BUILT_PRODUCTS_DIR; };
		5B2987E1291F379500202D8D /* FancyControlsAppApp.swift */ = {isa = PBXFileReference; lastKnownFileType = sourcecode.swift; path = FancyControlsAppApp.swift; sourceTree = "<group>"; };
		5B2987E3291F379500202D8D /* ContentView.swift */ = {isa = PBXFileReference; lastKnownFileType = sourcecode.swift; path = ContentView.swift; sourceTree = "<group>"; };
		5B2987E5291F379700202D8D /* Assets.xcassets */ = {isa = PBXFileReference; lastKnownFileType = folder.assetcatalog; path = Assets.xcassets; sourceTree = "<group>"; };
		5B2987E8291F379700202D8D /* Preview Assets.xcassets */ = {isa = PBXFileReference; lastKnownFileType = folder.assetcatalog; path = "Preview Assets.xcassets"; sourceTree = "<group>"; };
		5B2987F0291F37F800202D8D /* CompositeCollectionView.swift */ = {isa = PBXFileReference; lastKnownFileType = sourcecode.swift; path = CompositeCollectionView.swift; sourceTree = "<group>"; };
		5B2987F32920DC4000202D8D /* CompositeLayoutFactory.swift */ = {isa = PBXFileReference; lastKnownFileType = sourcecode.swift; path = CompositeLayoutFactory.swift; sourceTree = "<group>"; };
		5B2987F72920DEDE00202D8D /* CompositeLayoutSectionAndItemMap.swift */ = {isa = PBXFileReference; lastKnownFileType = sourcecode.swift; path = CompositeLayoutSectionAndItemMap.swift; sourceTree = "<group>"; };
		5B2987FB2920E4C900202D8D /* UIColorExtension.swift */ = {isa = PBXFileReference; lastKnownFileType = sourcecode.swift; path = UIColorExtension.swift; sourceTree = "<group>"; };
		5B2987FD29213E0500202D8D /* CompositeCollectionViewGalleryView.swift */ = {isa = PBXFileReference; lastKnownFileType = sourcecode.swift; path = CompositeCollectionViewGalleryView.swift; sourceTree = "<group>"; };
		5B2988002923536800202D8D /* SwiftUIControlsView.swift */ = {isa = PBXFileReference; lastKnownFileType = sourcecode.swift; path = SwiftUIControlsView.swift; sourceTree = "<group>"; };
		5B2988032923DF2300202D8D /* ImageCache.swift */ = {isa = PBXFileReference; lastKnownFileType = sourcecode.swift; path = ImageCache.swift; sourceTree = "<group>"; };
		5B2988052923E45000202D8D /* ImageLoader.swift */ = {isa = PBXFileReference; lastKnownFileType = sourcecode.swift; path = ImageLoader.swift; sourceTree = "<group>"; };
		5B2988072923EA0A00202D8D /* SwiftUIControlsViewModel.swift */ = {isa = PBXFileReference; lastKnownFileType = sourcecode.swift; path = SwiftUIControlsViewModel.swift; sourceTree = "<group>"; };
		5B29880A2924176900202D8D /* SwiftUIKitViewController.swift */ = {isa = PBXFileReference; lastKnownFileType = sourcecode.swift; path = SwiftUIKitViewController.swift; sourceTree = "<group>"; };
		5B298811292E3FDB00202D8D /* CollectionListModel.swift */ = {isa = PBXFileReference; lastKnownFileType = sourcecode.swift; path = CollectionListModel.swift; sourceTree = "<group>"; };
		5B298814292F0D2800202D8D /* GenericListView.swift */ = {isa = PBXFileReference; lastKnownFileType = sourcecode.swift; path = GenericListView.swift; sourceTree = "<group>"; };
		5B298817292F0EDB00202D8D /* ChatsFactory.swift */ = {isa = PBXFileReference; lastKnownFileType = sourcecode.swift; path = ChatsFactory.swift; sourceTree = "<group>"; };
		5B29881A292F0F0400202D8D /* GenericCollectionFactory.swift */ = {isa = PBXFileReference; lastKnownFileType = sourcecode.swift; path = GenericCollectionFactory.swift; sourceTree = "<group>"; };
		5B29881D292F0FDF00202D8D /* UserChatCellView.swift */ = {isa = PBXFileReference; lastKnownFileType = sourcecode.swift; path = UserChatCellView.swift; sourceTree = "<group>"; };
		5B298821292F173500202D8D /* GenericCollectionViewModel.swift */ = {isa = PBXFileReference; lastKnownFileType = sourcecode.swift; path = GenericCollectionViewModel.swift; sourceTree = "<group>"; };
		5B298823292F18AB00202D8D /* ChatsCollectionViewModel.swift */ = {isa = PBXFileReference; lastKnownFileType = sourcecode.swift; path = ChatsCollectionViewModel.swift; sourceTree = "<group>"; };
		5B298825292F86D500202D8D /* GroupChatCellView.swift */ = {isa = PBXFileReference; lastKnownFileType = sourcecode.swift; path = GroupChatCellView.swift; sourceTree = "<group>"; };
		5B29882A2935F59C00202D8D /* PhotosListView.swift */ = {isa = PBXFileReference; lastKnownFileType = sourcecode.swift; path = PhotosListView.swift; sourceTree = "<group>"; };
		5B29882C2935F5AC00202D8D /* PhotosCellView.swift */ = {isa = PBXFileReference; lastKnownFileType = sourcecode.swift; path = PhotosCellView.swift; sourceTree = "<group>"; };
		5B29883029364BAF00202D8D /* PhotoLibraryService.swift */ = {isa = PBXFileReference; lastKnownFileType = sourcecode.swift; path = PhotoLibraryService.swift; sourceTree = "<group>"; };
		5B2988322936FFE900202D8D /* PhotosListManager.swift */ = {isa = PBXFileReference; lastKnownFileType = sourcecode.swift; path = PhotosListManager.swift; sourceTree = "<group>"; };
		5B2988342937397C00202D8D /* PhotosLibraryViewModel.swift */ = {isa = PBXFileReference; lastKnownFileType = sourcecode.swift; path = PhotosLibraryViewModel.swift; sourceTree = "<group>"; };
		5B29883629373B2D00202D8D /* PhotosCellViewModel.swift */ = {isa = PBXFileReference; lastKnownFileType = sourcecode.swift; path = PhotosCellViewModel.swift; sourceTree = "<group>"; };
		5B2ED41F2937D4F10049062C /* ShadowedViewWithBackground.swift */ = {isa = PBXFileReference; lastKnownFileType = sourcecode.swift; path = ShadowedViewWithBackground.swift; sourceTree = "<group>"; };
		5B2ED425293CAC3B0049062C /* SpotifyAlbumDetailView.swift */ = {isa = PBXFileReference; lastKnownFileType = sourcecode.swift; path = SpotifyAlbumDetailView.swift; sourceTree = "<group>"; };
		5B2ED428293CF97A0049062C /* ParallaxListView.swift */ = {isa = PBXFileReference; lastKnownFileType = sourcecode.swift; path = ParallaxListView.swift; sourceTree = "<group>"; };
/* End PBXFileReference section */

/* Begin PBXFrameworksBuildPhase section */
		5B2987DB291F379500202D8D /* Frameworks */ = {
			isa = PBXFrameworksBuildPhase;
			buildActionMask = 2147483647;
			files = (
			);
			runOnlyForDeploymentPostprocessing = 0;
		};
/* End PBXFrameworksBuildPhase section */

/* Begin PBXGroup section */
		5B2987D5291F379500202D8D = {
			isa = PBXGroup;
			children = (
				5B2987E0291F379500202D8D /* FancyControlsApp */,
				5B2987DF291F379500202D8D /* Products */,
			);
			sourceTree = "<group>";
		};
		5B2987DF291F379500202D8D /* Products */ = {
			isa = PBXGroup;
			children = (
				5B2987DE291F379500202D8D /* FancyControlsApp.app */,
			);
			name = Products;
			sourceTree = "<group>";
		};
		5B2987E0291F379500202D8D /* FancyControlsApp */ = {
			isa = PBXGroup;
			children = (
				5B2988092924146A00202D8D /* UIKitToSwiftUI */,
				5B2987FF2923534100202D8D /* SwiftUIToUIKit */,
				5B2987F92920E4AA00202D8D /* Common */,
				5B2987EF291F37D900202D8D /* FancyControls */,
				5B2987E1291F379500202D8D /* FancyControlsAppApp.swift */,
				5B2987E3291F379500202D8D /* ContentView.swift */,
				5B2987E5291F379700202D8D /* Assets.xcassets */,
				5B2987E7291F379700202D8D /* Preview Content */,
			);
			path = FancyControlsApp;
			sourceTree = "<group>";
		};
		5B2987E7291F379700202D8D /* Preview Content */ = {
			isa = PBXGroup;
			children = (
				5B2987E8291F379700202D8D /* Preview Assets.xcassets */,
			);
			path = "Preview Content";
			sourceTree = "<group>";
		};
		5B2987EF291F37D900202D8D /* FancyControls */ = {
			isa = PBXGroup;
			children = (
				5B2ED427293CF7C60049062C /* ParallaxEffect */,
				5B2ED422293CAB910049062C /* Clones */,
				5B29880E292E3F0D00202D8D /* CollectionControl */,
				5B2987F62920DEB800202D8D /* CompositeLayout */,
			);
			path = FancyControls;
			sourceTree = "<group>";
		};
		5B2987F22920D7DE00202D8D /* CompositLayoutSectionFactory */ = {
			isa = PBXGroup;
			children = (
				5B2987F32920DC4000202D8D /* CompositeLayoutFactory.swift */,
			);
			path = CompositLayoutSectionFactory;
			sourceTree = "<group>";
		};
		5B2987F52920DEAC00202D8D /* Mock */ = {
			isa = PBXGroup;
			children = (
				5B2987F72920DEDE00202D8D /* CompositeLayoutSectionAndItemMap.swift */,
			);
			path = Mock;
			sourceTree = "<group>";
		};
		5B2987F62920DEB800202D8D /* CompositeLayout */ = {
			isa = PBXGroup;
			children = (
				5B2987F52920DEAC00202D8D /* Mock */,
				5B2987F22920D7DE00202D8D /* CompositLayoutSectionFactory */,
				5B2987F0291F37F800202D8D /* CompositeCollectionView.swift */,
				5B2987FD29213E0500202D8D /* CompositeCollectionViewGalleryView.swift */,
			);
			path = CompositeLayout;
			sourceTree = "<group>";
		};
		5B2987F92920E4AA00202D8D /* Common */ = {
			isa = PBXGroup;
			children = (
				5B2ED41E2937D4980049062C /* ViewModifier */,
				5B2988022923DF0400202D8D /* ImageLoader */,
				5B2987FA2920E4B100202D8D /* Extensions */,
			);
			path = Common;
			sourceTree = "<group>";
		};
		5B2987FA2920E4B100202D8D /* Extensions */ = {
			isa = PBXGroup;
			children = (
				5B2987FB2920E4C900202D8D /* UIColorExtension.swift */,
			);
			path = Extensions;
			sourceTree = "<group>";
		};
		5B2987FF2923534100202D8D /* SwiftUIToUIKit */ = {
			isa = PBXGroup;
			children = (
				5B2988002923536800202D8D /* SwiftUIControlsView.swift */,
				5B2988072923EA0A00202D8D /* SwiftUIControlsViewModel.swift */,
			);
			path = SwiftUIToUIKit;
			sourceTree = "<group>";
		};
		5B2988022923DF0400202D8D /* ImageLoader */ = {
			isa = PBXGroup;
			children = (
				5B2988032923DF2300202D8D /* ImageCache.swift */,
				5B2988052923E45000202D8D /* ImageLoader.swift */,
			);
			path = ImageLoader;
			sourceTree = "<group>";
		};
		5B2988092924146A00202D8D /* UIKitToSwiftUI */ = {
			isa = PBXGroup;
			children = (
				5B29880A2924176900202D8D /* SwiftUIKitViewController.swift */,
			);
			path = UIKitToSwiftUI;
			sourceTree = "<group>";
		};
		5B29880E292E3F0D00202D8D /* CollectionControl */ = {
			isa = PBXGroup;
			children = (
				5B2988272935F56300202D8D /* GridControl */,
				5B29880F292E3FA000202D8D /* ListControl */,
			);
			path = CollectionControl;
			sourceTree = "<group>";
		};
		5B29880F292E3FA000202D8D /* ListControl */ = {
			isa = PBXGroup;
			children = (
				5B298810292E3FBA00202D8D /* Mock */,
				5B29881F292F169B00202D8D /* ViewModel */,
				5B298816292F0EC500202D8D /* Factory */,
				5B298813292F0D0800202D8D /* Views */,
			);
			path = ListControl;
			sourceTree = "<group>";
		};
		5B298810292E3FBA00202D8D /* Mock */ = {
			isa = PBXGroup;
			children = (
				5B298811292E3FDB00202D8D /* CollectionListModel.swift */,
			);
			path = Mock;
			sourceTree = "<group>";
		};
		5B298813292F0D0800202D8D /* Views */ = {
			isa = PBXGroup;
			children = (
				5B298814292F0D2800202D8D /* GenericListView.swift */,
				5B29881D292F0FDF00202D8D /* UserChatCellView.swift */,
				5B298825292F86D500202D8D /* GroupChatCellView.swift */,
			);
			path = Views;
			sourceTree = "<group>";
		};
		5B298816292F0EC500202D8D /* Factory */ = {
			isa = PBXGroup;
			children = (
				5B29881A292F0F0400202D8D /* GenericCollectionFactory.swift */,
				5B298817292F0EDB00202D8D /* ChatsFactory.swift */,
			);
			path = Factory;
			sourceTree = "<group>";
		};
		5B29881F292F169B00202D8D /* ViewModel */ = {
			isa = PBXGroup;
			children = (
				5B298821292F173500202D8D /* GenericCollectionViewModel.swift */,
				5B298823292F18AB00202D8D /* ChatsCollectionViewModel.swift */,
			);
			path = ViewModel;
			sourceTree = "<group>";
		};
		5B2988272935F56300202D8D /* GridControl */ = {
			isa = PBXGroup;
			children = (
				5B29882F29364B9100202D8D /* Service */,
				5B29882E29364B8100202D8D /* Manager */,
				5B2988292935F57900202D8D /* View */,
				5B2988282935F56F00202D8D /* ViewModel */,
			);
			path = GridControl;
			sourceTree = "<group>";
		};
		5B2988282935F56F00202D8D /* ViewModel */ = {
			isa = PBXGroup;
			children = (
				5B2988342937397C00202D8D /* PhotosLibraryViewModel.swift */,
				5B29883629373B2D00202D8D /* PhotosCellViewModel.swift */,
			);
			path = ViewModel;
			sourceTree = "<group>";
		};
		5B2988292935F57900202D8D /* View */ = {
			isa = PBXGroup;
			children = (
				5B29882A2935F59C00202D8D /* PhotosListView.swift */,
				5B29882C2935F5AC00202D8D /* PhotosCellView.swift */,
			);
			path = View;
			sourceTree = "<group>";
		};
		5B29882E29364B8100202D8D /* Manager */ = {
			isa = PBXGroup;
			children = (
				5B2988322936FFE900202D8D /* PhotosListManager.swift */,
			);
			path = Manager;
			sourceTree = "<group>";
		};
		5B29882F29364B9100202D8D /* Service */ = {
			isa = PBXGroup;
			children = (
				5B29883029364BAF00202D8D /* PhotoLibraryService.swift */,
			);
			path = Service;
			sourceTree = "<group>";
		};
		5B2ED41E2937D4980049062C /* ViewModifier */ = {
			isa = PBXGroup;
			children = (
				5B2ED41F2937D4F10049062C /* ShadowedViewWithBackground.swift */,
			);
			path = ViewModifier;
			sourceTree = "<group>";
		};
		5B2ED422293CAB910049062C /* Clones */ = {
			isa = PBXGroup;
			children = (
				5B2ED423293CAB970049062C /* Spotify */,
			);
			path = Clones;
			sourceTree = "<group>";
		};
		5B2ED423293CAB970049062C /* Spotify */ = {
			isa = PBXGroup;
			children = (
				5B2ED424293CAC190049062C /* Views */,
			);
			path = Spotify;
			sourceTree = "<group>";
		};
		5B2ED424293CAC190049062C /* Views */ = {
			isa = PBXGroup;
			children = (
				5B2ED425293CAC3B0049062C /* SpotifyAlbumDetailView.swift */,
			);
			path = Views;
			sourceTree = "<group>";
		};
		5B2ED427293CF7C60049062C /* ParallaxEffect */ = {
			isa = PBXGroup;
			children = (
				5B2ED428293CF97A0049062C /* ParallaxListView.swift */,
			);
			path = ParallaxEffect;
			sourceTree = "<group>";
		};
/* End PBXGroup section */

/* Begin PBXNativeTarget section */
		5B2987DD291F379500202D8D /* FancyControlsApp */ = {
			isa = PBXNativeTarget;
			buildConfigurationList = 5B2987EC291F379700202D8D /* Build configuration list for PBXNativeTarget "FancyControlsApp" */;
			buildPhases = (
				5B2987DA291F379500202D8D /* Sources */,
				5B2987DB291F379500202D8D /* Frameworks */,
				5B2987DC291F379500202D8D /* Resources */,
			);
			buildRules = (
			);
			dependencies = (
			);
			name = FancyControlsApp;
			productName = FancyControlsApp;
			productReference = 5B2987DE291F379500202D8D /* FancyControlsApp.app */;
			productType = "com.apple.product-type.application";
		};
/* End PBXNativeTarget section */

/* Begin PBXProject section */
		5B2987D6291F379500202D8D /* Project object */ = {
			isa = PBXProject;
			attributes = {
				BuildIndependentTargetsInParallel = 1;
				LastSwiftUpdateCheck = 1410;
				LastUpgradeCheck = 1410;
				TargetAttributes = {
					5B2987DD291F379500202D8D = {
						CreatedOnToolsVersion = 14.1;
					};
				};
			};
			buildConfigurationList = 5B2987D9291F379500202D8D /* Build configuration list for PBXProject "FancyControlsApp" */;
			compatibilityVersion = "Xcode 14.0";
			developmentRegion = en;
			hasScannedForEncodings = 0;
			knownRegions = (
				en,
				Base,
			);
			mainGroup = 5B2987D5291F379500202D8D;
			productRefGroup = 5B2987DF291F379500202D8D /* Products */;
			projectDirPath = "";
			projectRoot = "";
			targets = (
				5B2987DD291F379500202D8D /* FancyControlsApp */,
			);
		};
/* End PBXProject section */

/* Begin PBXResourcesBuildPhase section */
		5B2987DC291F379500202D8D /* Resources */ = {
			isa = PBXResourcesBuildPhase;
			buildActionMask = 2147483647;
			files = (
				5B2987E9291F379700202D8D /* Preview Assets.xcassets in Resources */,
				5B2987E6291F379700202D8D /* Assets.xcassets in Resources */,
			);
			runOnlyForDeploymentPostprocessing = 0;
		};
/* End PBXResourcesBuildPhase section */

/* Begin PBXSourcesBuildPhase section */
		5B2987DA291F379500202D8D /* Sources */ = {
			isa = PBXSourcesBuildPhase;
			buildActionMask = 2147483647;
			files = (
				5B2987F42920DC4000202D8D /* CompositeLayoutFactory.swift in Sources */,
				5B29883729373B2D00202D8D /* PhotosCellViewModel.swift in Sources */,
				5B2987FE29213E0500202D8D /* CompositeCollectionViewGalleryView.swift in Sources */,
				5B298815292F0D2800202D8D /* GenericListView.swift in Sources */,
				5B2988062923E45000202D8D /* ImageLoader.swift in Sources */,
				5B29880B2924176900202D8D /* SwiftUIKitViewController.swift in Sources */,
				5B2987E4291F379500202D8D /* ContentView.swift in Sources */,
				5B29881E292F0FDF00202D8D /* UserChatCellView.swift in Sources */,
				5B2988042923DF2300202D8D /* ImageCache.swift in Sources */,
				5B2ED429293CF97A0049062C /* ParallaxListView.swift in Sources */,
				5B29883129364BAF00202D8D /* PhotoLibraryService.swift in Sources */,
				5B2987E2291F379500202D8D /* FancyControlsAppApp.swift in Sources */,
				5B2987F1291F37F800202D8D /* CompositeCollectionView.swift in Sources */,
				5B29882B2935F59C00202D8D /* PhotosListView.swift in Sources */,
				5B298818292F0EDB00202D8D /* ChatsFactory.swift in Sources */,
				5B29881B292F0F0400202D8D /* GenericCollectionFactory.swift in Sources */,
				5B298822292F173500202D8D /* GenericCollectionViewModel.swift in Sources */,
				5B2ED4202937D4F10049062C /* ShadowedViewWithBackground.swift in Sources */,
				5B2987F82920DEDE00202D8D /* CompositeLayoutSectionAndItemMap.swift in Sources */,
				5B298812292E3FDB00202D8D /* CollectionListModel.swift in Sources */,
				5B2988352937397C00202D8D /* PhotosLibraryViewModel.swift in Sources */,
				5B2ED426293CAC3B0049062C /* SpotifyAlbumDetailView.swift in Sources */,
				5B298824292F18AB00202D8D /* ChatsCollectionViewModel.swift in Sources */,
				5B29882D2935F5AC00202D8D /* PhotosCellView.swift in Sources */,
				5B2988012923536800202D8D /* SwiftUIControlsView.swift in Sources */,
				5B2987FC2920E4C900202D8D /* UIColorExtension.swift in Sources */,
				5B298826292F86D500202D8D /* GroupChatCellView.swift in Sources */,
				5B2988332936FFE900202D8D /* PhotosListManager.swift in Sources */,
				5B2988082923EA0A00202D8D /* SwiftUIControlsViewModel.swift in Sources */,
			);
			runOnlyForDeploymentPostprocessing = 0;
		};
/* End PBXSourcesBuildPhase section */

/* Begin XCBuildConfiguration section */
		5B2987EA291F379700202D8D /* Debug */ = {
			isa = XCBuildConfiguration;
			buildSettings = {
				ALWAYS_SEARCH_USER_PATHS = NO;
				CLANG_ANALYZER_NONNULL = YES;
				CLANG_ANALYZER_NUMBER_OBJECT_CONVERSION = YES_AGGRESSIVE;
				CLANG_CXX_LANGUAGE_STANDARD = "gnu++20";
				CLANG_ENABLE_MODULES = YES;
				CLANG_ENABLE_OBJC_ARC = YES;
				CLANG_ENABLE_OBJC_WEAK = YES;
				CLANG_WARN_BLOCK_CAPTURE_AUTORELEASING = YES;
				CLANG_WARN_BOOL_CONVERSION = YES;
				CLANG_WARN_COMMA = YES;
				CLANG_WARN_CONSTANT_CONVERSION = YES;
				CLANG_WARN_DEPRECATED_OBJC_IMPLEMENTATIONS = YES;
				CLANG_WARN_DIRECT_OBJC_ISA_USAGE = YES_ERROR;
				CLANG_WARN_DOCUMENTATION_COMMENTS = YES;
				CLANG_WARN_EMPTY_BODY = YES;
				CLANG_WARN_ENUM_CONVERSION = YES;
				CLANG_WARN_INFINITE_RECURSION = YES;
				CLANG_WARN_INT_CONVERSION = YES;
				CLANG_WARN_NON_LITERAL_NULL_CONVERSION = YES;
				CLANG_WARN_OBJC_IMPLICIT_RETAIN_SELF = YES;
				CLANG_WARN_OBJC_LITERAL_CONVERSION = YES;
				CLANG_WARN_OBJC_ROOT_CLASS = YES_ERROR;
				CLANG_WARN_QUOTED_INCLUDE_IN_FRAMEWORK_HEADER = YES;
				CLANG_WARN_RANGE_LOOP_ANALYSIS = YES;
				CLANG_WARN_STRICT_PROTOTYPES = YES;
				CLANG_WARN_SUSPICIOUS_MOVE = YES;
				CLANG_WARN_UNGUARDED_AVAILABILITY = YES_AGGRESSIVE;
				CLANG_WARN_UNREACHABLE_CODE = YES;
				CLANG_WARN__DUPLICATE_METHOD_MATCH = YES;
				COPY_PHASE_STRIP = NO;
				DEBUG_INFORMATION_FORMAT = dwarf;
				ENABLE_STRICT_OBJC_MSGSEND = YES;
				ENABLE_TESTABILITY = YES;
				GCC_C_LANGUAGE_STANDARD = gnu11;
				GCC_DYNAMIC_NO_PIC = NO;
				GCC_NO_COMMON_BLOCKS = YES;
				GCC_OPTIMIZATION_LEVEL = 0;
				GCC_PREPROCESSOR_DEFINITIONS = (
					"DEBUG=1",
					"$(inherited)",
				);
				GCC_WARN_64_TO_32_BIT_CONVERSION = YES;
				GCC_WARN_ABOUT_RETURN_TYPE = YES_ERROR;
				GCC_WARN_UNDECLARED_SELECTOR = YES;
				GCC_WARN_UNINITIALIZED_AUTOS = YES_AGGRESSIVE;
				GCC_WARN_UNUSED_FUNCTION = YES;
				GCC_WARN_UNUSED_VARIABLE = YES;
				IPHONEOS_DEPLOYMENT_TARGET = 16.1;
				MTL_ENABLE_DEBUG_INFO = INCLUDE_SOURCE;
				MTL_FAST_MATH = YES;
				ONLY_ACTIVE_ARCH = YES;
				SDKROOT = iphoneos;
				SWIFT_ACTIVE_COMPILATION_CONDITIONS = DEBUG;
				SWIFT_OPTIMIZATION_LEVEL = "-Onone";
			};
			name = Debug;
		};
		5B2987EB291F379700202D8D /* Release */ = {
			isa = XCBuildConfiguration;
			buildSettings = {
				ALWAYS_SEARCH_USER_PATHS = NO;
				CLANG_ANALYZER_NONNULL = YES;
				CLANG_ANALYZER_NUMBER_OBJECT_CONVERSION = YES_AGGRESSIVE;
				CLANG_CXX_LANGUAGE_STANDARD = "gnu++20";
				CLANG_ENABLE_MODULES = YES;
				CLANG_ENABLE_OBJC_ARC = YES;
				CLANG_ENABLE_OBJC_WEAK = YES;
				CLANG_WARN_BLOCK_CAPTURE_AUTORELEASING = YES;
				CLANG_WARN_BOOL_CONVERSION = YES;
				CLANG_WARN_COMMA = YES;
				CLANG_WARN_CONSTANT_CONVERSION = YES;
				CLANG_WARN_DEPRECATED_OBJC_IMPLEMENTATIONS = YES;
				CLANG_WARN_DIRECT_OBJC_ISA_USAGE = YES_ERROR;
				CLANG_WARN_DOCUMENTATION_COMMENTS = YES;
				CLANG_WARN_EMPTY_BODY = YES;
				CLANG_WARN_ENUM_CONVERSION = YES;
				CLANG_WARN_INFINITE_RECURSION = YES;
				CLANG_WARN_INT_CONVERSION = YES;
				CLANG_WARN_NON_LITERAL_NULL_CONVERSION = YES;
				CLANG_WARN_OBJC_IMPLICIT_RETAIN_SELF = YES;
				CLANG_WARN_OBJC_LITERAL_CONVERSION = YES;
				CLANG_WARN_OBJC_ROOT_CLASS = YES_ERROR;
				CLANG_WARN_QUOTED_INCLUDE_IN_FRAMEWORK_HEADER = YES;
				CLANG_WARN_RANGE_LOOP_ANALYSIS = YES;
				CLANG_WARN_STRICT_PROTOTYPES = YES;
				CLANG_WARN_SUSPICIOUS_MOVE = YES;
				CLANG_WARN_UNGUARDED_AVAILABILITY = YES_AGGRESSIVE;
				CLANG_WARN_UNREACHABLE_CODE = YES;
				CLANG_WARN__DUPLICATE_METHOD_MATCH = YES;
				COPY_PHASE_STRIP = NO;
				DEBUG_INFORMATION_FORMAT = "dwarf-with-dsym";
				ENABLE_NS_ASSERTIONS = NO;
				ENABLE_STRICT_OBJC_MSGSEND = YES;
				GCC_C_LANGUAGE_STANDARD = gnu11;
				GCC_NO_COMMON_BLOCKS = YES;
				GCC_WARN_64_TO_32_BIT_CONVERSION = YES;
				GCC_WARN_ABOUT_RETURN_TYPE = YES_ERROR;
				GCC_WARN_UNDECLARED_SELECTOR = YES;
				GCC_WARN_UNINITIALIZED_AUTOS = YES_AGGRESSIVE;
				GCC_WARN_UNUSED_FUNCTION = YES;
				GCC_WARN_UNUSED_VARIABLE = YES;
				IPHONEOS_DEPLOYMENT_TARGET = 16.1;
				MTL_ENABLE_DEBUG_INFO = NO;
				MTL_FAST_MATH = YES;
				SDKROOT = iphoneos;
				SWIFT_COMPILATION_MODE = wholemodule;
				SWIFT_OPTIMIZATION_LEVEL = "-O";
				VALIDATE_PRODUCT = YES;
			};
			name = Release;
		};
		5B2987ED291F379700202D8D /* Debug */ = {
			isa = XCBuildConfiguration;
			buildSettings = {
				ASSETCATALOG_COMPILER_APPICON_NAME = AppIcon;
				ASSETCATALOG_COMPILER_GLOBAL_ACCENT_COLOR_NAME = AccentColor;
				CODE_SIGN_STYLE = Automatic;
				CURRENT_PROJECT_VERSION = 1;
				DEVELOPMENT_ASSET_PATHS = "\"FancyControlsApp/Preview Content\"";
				DEVELOPMENT_TEAM = P4P4WMUQQW;
				ENABLE_PREVIEWS = YES;
				GENERATE_INFOPLIST_FILE = YES;
				INFOPLIST_KEY_NSPhotoLibraryUsageDescription = "This app wants to access your Photos Library";
				INFOPLIST_KEY_UIApplicationSceneManifest_Generation = YES;
				INFOPLIST_KEY_UIApplicationSupportsIndirectInputEvents = YES;
				INFOPLIST_KEY_UILaunchScreen_Generation = YES;
				INFOPLIST_KEY_UISupportedInterfaceOrientations_iPad = "UIInterfaceOrientationPortrait UIInterfaceOrientationPortraitUpsideDown UIInterfaceOrientationLandscapeLeft UIInterfaceOrientationLandscapeRight";
				INFOPLIST_KEY_UISupportedInterfaceOrientations_iPhone = "UIInterfaceOrientationPortrait UIInterfaceOrientationLandscapeLeft UIInterfaceOrientationLandscapeRight";
				LD_RUNPATH_SEARCH_PATHS = (
					"$(inherited)",
					"@executable_path/Frameworks",
				);
				MARKETING_VERSION = 1.0;
				PRODUCT_BUNDLE_IDENTIFIER = com.mohitdb7.progress.FancyControlsApp;
				PRODUCT_NAME = "$(TARGET_NAME)";
				SWIFT_EMIT_LOC_STRINGS = YES;
				SWIFT_VERSION = 5.0;
				TARGETED_DEVICE_FAMILY = "1,2";
			};
			name = Debug;
		};
		5B2987EE291F379700202D8D /* Release */ = {
			isa = XCBuildConfiguration;
			buildSettings = {
				ASSETCATALOG_COMPILER_APPICON_NAME = AppIcon;
				ASSETCATALOG_COMPILER_GLOBAL_ACCENT_COLOR_NAME = AccentColor;
				CODE_SIGN_STYLE = Automatic;
				CURRENT_PROJECT_VERSION = 1;
				DEVELOPMENT_ASSET_PATHS = "\"FancyControlsApp/Preview Content\"";
				DEVELOPMENT_TEAM = P4P4WMUQQW;
				ENABLE_PREVIEWS = YES;
				GENERATE_INFOPLIST_FILE = YES;
				INFOPLIST_KEY_NSPhotoLibraryUsageDescription = "This app wants to access your Photos Library";
				INFOPLIST_KEY_UIApplicationSceneManifest_Generation = YES;
				INFOPLIST_KEY_UIApplicationSupportsIndirectInputEvents = YES;
				INFOPLIST_KEY_UILaunchScreen_Generation = YES;
				INFOPLIST_KEY_UISupportedInterfaceOrientations_iPad = "UIInterfaceOrientationPortrait UIInterfaceOrientationPortraitUpsideDown UIInterfaceOrientationLandscapeLeft UIInterfaceOrientationLandscapeRight";
				INFOPLIST_KEY_UISupportedInterfaceOrientations_iPhone = "UIInterfaceOrientationPortrait UIInterfaceOrientationLandscapeLeft UIInterfaceOrientationLandscapeRight";
				LD_RUNPATH_SEARCH_PATHS = (
					"$(inherited)",
					"@executable_path/Frameworks",
				);
				MARKETING_VERSION = 1.0;
				PRODUCT_BUNDLE_IDENTIFIER = com.mohitdb7.progress.FancyControlsApp;
				PRODUCT_NAME = "$(TARGET_NAME)";
				SWIFT_EMIT_LOC_STRINGS = YES;
				SWIFT_VERSION = 5.0;
				TARGETED_DEVICE_FAMILY = "1,2";
			};
			name = Release;
		};
/* End XCBuildConfiguration section */

/* Begin XCConfigurationList section */
		5B2987D9291F379500202D8D /* Build configuration list for PBXProject "FancyControlsApp" */ = {
			isa = XCConfigurationList;
			buildConfigurations = (
				5B2987EA291F379700202D8D /* Debug */,
				5B2987EB291F379700202D8D /* Release */,
			);
			defaultConfigurationIsVisible = 0;
			defaultConfigurationName = Release;
		};
		5B2987EC291F379700202D8D /* Build configuration list for PBXNativeTarget "FancyControlsApp" */ = {
			isa = XCConfigurationList;
			buildConfigurations = (
				5B2987ED291F379700202D8D /* Debug */,
				5B2987EE291F379700202D8D /* Release */,
			);
			defaultConfigurationIsVisible = 0;
			defaultConfigurationName = Release;
		};
/* End XCConfigurationList section */
	};
	rootObject = 5B2987D6291F379500202D8D /* Project object */;
}
