// !$*UTF8*$!
{
	archiveVersion = 1;
	classes = {
	};
	objectVersion = 56;
	objects = {

/* Begin PBXBuildFile section */
		5B52AB272A4985DD000E503B /* SwiftUIKnowledgeSharingApp.swift in Sources */ = {isa = PBXBuildFile; fileRef = 5B52AB262A4985DD000E503B /* SwiftUIKnowledgeSharingApp.swift */; };
		5B52AB292A4985DD000E503B /* ContentView.swift in Sources */ = {isa = PBXBuildFile; fileRef = 5B52AB282A4985DD000E503B /* ContentView.swift */; };
		5B52AB2B2A4985DF000E503B /* Assets.xcassets in Resources */ = {isa = PBXBuildFile; fileRef = 5B52AB2A2A4985DF000E503B /* Assets.xcassets */; };
		5B52AB2E2A4985DF000E503B /* Preview Assets.xcassets in Resources */ = {isa = PBXBuildFile; fileRef = 5B52AB2D2A4985DF000E503B /* Preview Assets.xcassets */; };
		5B52AB352A498652000E503B /* StartView.swift in Sources */ = {isa = PBXBuildFile; fileRef = 5B52AB342A498652000E503B /* StartView.swift */; };
		5B52AB372A498931000E503B /* ShapesFile.swift in Sources */ = {isa = PBXBuildFile; fileRef = 5B52AB362A498930000E503B /* ShapesFile.swift */; };
		5B52AB392A498B1C000E503B /* ImageFileView.swift in Sources */ = {isa = PBXBuildFile; fileRef = 5B52AB382A498B1C000E503B /* ImageFileView.swift */; };
/* End PBXBuildFile section */

/* Begin PBXFileReference section */
		5B52AB232A4985DD000E503B /* SwiftUIKnowledgeSharing.app */ = {isa = PBXFileReference; explicitFileType = wrapper.application; includeInIndex = 0; path = SwiftUIKnowledgeSharing.app; sourceTree = BUILT_PRODUCTS_DIR; };
		5B52AB262A4985DD000E503B /* SwiftUIKnowledgeSharingApp.swift */ = {isa = PBXFileReference; lastKnownFileType = sourcecode.swift; path = SwiftUIKnowledgeSharingApp.swift; sourceTree = "<group>"; };
		5B52AB282A4985DD000E503B /* ContentView.swift */ = {isa = PBXFileReference; lastKnownFileType = sourcecode.swift; path = ContentView.swift; sourceTree = "<group>"; };
		5B52AB2A2A4985DF000E503B /* Assets.xcassets */ = {isa = PBXFileReference; lastKnownFileType = folder.assetcatalog; path = Assets.xcassets; sourceTree = "<group>"; };
		5B52AB2D2A4985DF000E503B /* Preview Assets.xcassets */ = {isa = PBXFileReference; lastKnownFileType = folder.assetcatalog; path = "Preview Assets.xcassets"; sourceTree = "<group>"; };
		5B52AB342A498652000E503B /* StartView.swift */ = {isa = PBXFileReference; lastKnownFileType = sourcecode.swift; path = StartView.swift; sourceTree = "<group>"; };
		5B52AB362A498930000E503B /* ShapesFile.swift */ = {isa = PBXFileReference; lastKnownFileType = sourcecode.swift; path = ShapesFile.swift; sourceTree = "<group>"; };
		5B52AB382A498B1C000E503B /* ImageFileView.swift */ = {isa = PBXFileReference; lastKnownFileType = sourcecode.swift; path = ImageFileView.swift; sourceTree = "<group>"; };
/* End PBXFileReference section */

/* Begin PBXFrameworksBuildPhase section */
		5B52AB202A4985DD000E503B /* Frameworks */ = {
			isa = PBXFrameworksBuildPhase;
			buildActionMask = 2147483647;
			files = (
			);
			runOnlyForDeploymentPostprocessing = 0;
		};
/* End PBXFrameworksBuildPhase section */

/* Begin PBXGroup section */
		5B52AB1A2A4985DD000E503B = {
			isa = PBXGroup;
			children = (
				5B52AB252A4985DD000E503B /* SwiftUIKnowledgeSharing */,
				5B52AB242A4985DD000E503B /* Products */,
			);
			sourceTree = "<group>";
		};
		5B52AB242A4985DD000E503B /* Products */ = {
			isa = PBXGroup;
			children = (
				5B52AB232A4985DD000E503B /* SwiftUIKnowledgeSharing.app */,
			);
			name = Products;
			sourceTree = "<group>";
		};
		5B52AB252A4985DD000E503B /* SwiftUIKnowledgeSharing */ = {
			isa = PBXGroup;
			children = (
				5B52AB262A4985DD000E503B /* SwiftUIKnowledgeSharingApp.swift */,
				5B52AB282A4985DD000E503B /* ContentView.swift */,
				5B52AB342A498652000E503B /* StartView.swift */,
				5B52AB2A2A4985DF000E503B /* Assets.xcassets */,
				5B52AB2C2A4985DF000E503B /* Preview Content */,
				5B52AB362A498930000E503B /* ShapesFile.swift */,
				5B52AB382A498B1C000E503B /* ImageFileView.swift */,
			);
			path = SwiftUIKnowledgeSharing;
			sourceTree = "<group>";
		};
		5B52AB2C2A4985DF000E503B /* Preview Content */ = {
			isa = PBXGroup;
			children = (
				5B52AB2D2A4985DF000E503B /* Preview Assets.xcassets */,
			);
			path = "Preview Content";
			sourceTree = "<group>";
		};
/* End PBXGroup section */

/* Begin PBXNativeTarget section */
		5B52AB222A4985DD000E503B /* SwiftUIKnowledgeSharing */ = {
			isa = PBXNativeTarget;
			buildConfigurationList = 5B52AB312A4985DF000E503B /* Build configuration list for PBXNativeTarget "SwiftUIKnowledgeSharing" */;
			buildPhases = (
				5B52AB1F2A4985DD000E503B /* Sources */,
				5B52AB202A4985DD000E503B /* Frameworks */,
				5B52AB212A4985DD000E503B /* Resources */,
			);
			buildRules = (
			);
			dependencies = (
			);
			name = SwiftUIKnowledgeSharing;
			productName = SwiftUIKnowledgeSharing;
			productReference = 5B52AB232A4985DD000E503B /* SwiftUIKnowledgeSharing.app */;
			productType = "com.apple.product-type.application";
		};
/* End PBXNativeTarget section */

/* Begin PBXProject section */
		5B52AB1B2A4985DD000E503B /* Project object */ = {
			isa = PBXProject;
			attributes = {
				BuildIndependentTargetsInParallel = 1;
				LastSwiftUpdateCheck = 1430;
				LastUpgradeCheck = 1430;
				TargetAttributes = {
					5B52AB222A4985DD000E503B = {
						CreatedOnToolsVersion = 14.3.1;
					};
				};
			};
			buildConfigurationList = 5B52AB1E2A4985DD000E503B /* Build configuration list for PBXProject "SwiftUIKnowledgeSharing" */;
			compatibilityVersion = "Xcode 14.0";
			developmentRegion = en;
			hasScannedForEncodings = 0;
			knownRegions = (
				en,
				Base,
			);
			mainGroup = 5B52AB1A2A4985DD000E503B;
			productRefGroup = 5B52AB242A4985DD000E503B /* Products */;
			projectDirPath = "";
			projectRoot = "";
			targets = (
				5B52AB222A4985DD000E503B /* SwiftUIKnowledgeSharing */,
			);
		};
/* End PBXProject section */

/* Begin PBXResourcesBuildPhase section */
		5B52AB212A4985DD000E503B /* Resources */ = {
			isa = PBXResourcesBuildPhase;
			buildActionMask = 2147483647;
			files = (
				5B52AB2E2A4985DF000E503B /* Preview Assets.xcassets in Resources */,
				5B52AB2B2A4985DF000E503B /* Assets.xcassets in Resources */,
			);
			runOnlyForDeploymentPostprocessing = 0;
		};
/* End PBXResourcesBuildPhase section */

/* Begin PBXSourcesBuildPhase section */
		5B52AB1F2A4985DD000E503B /* Sources */ = {
			isa = PBXSourcesBuildPhase;
			buildActionMask = 2147483647;
			files = (
				5B52AB352A498652000E503B /* StartView.swift in Sources */,
				5B52AB292A4985DD000E503B /* ContentView.swift in Sources */,
				5B52AB272A4985DD000E503B /* SwiftUIKnowledgeSharingApp.swift in Sources */,
				5B52AB372A498931000E503B /* ShapesFile.swift in Sources */,
				5B52AB392A498B1C000E503B /* ImageFileView.swift in Sources */,
			);
			runOnlyForDeploymentPostprocessing = 0;
		};
/* End PBXSourcesBuildPhase section */

/* Begin XCBuildConfiguration section */
		5B52AB2F2A4985DF000E503B /* Debug */ = {
			isa = XCBuildConfiguration;
			buildSettings = {
				ALWAYS_SEARCH_USER_PATHS = NO;
				CLANG_ANALYZER_NONNULL = YES;
				CLANG_ANALYZER_NUMBER_OBJECT_CONVERSION = YES_AGGRESSIVE;
				CLANG_CXX_LANGUAGE_STANDARD = "gnu++20";
				CLANG_ENABLE_MODULES = YES;
				CLANG_ENABLE_OBJC_ARC = YES;
				CLANG_ENABLE_OBJC_WEAK = YES;
				CLANG_WARN_BLOCK_CAPTURE_AUTORELEASING = YES;
				CLANG_WARN_BOOL_CONVERSION = YES;
				CLANG_WARN_COMMA = YES;
				CLANG_WARN_CONSTANT_CONVERSION = YES;
				CLANG_WARN_DEPRECATED_OBJC_IMPLEMENTATIONS = YES;
				CLANG_WARN_DIRECT_OBJC_ISA_USAGE = YES_ERROR;
				CLANG_WARN_DOCUMENTATION_COMMENTS = YES;
				CLANG_WARN_EMPTY_BODY = YES;
				CLANG_WARN_ENUM_CONVERSION = YES;
				CLANG_WARN_INFINITE_RECURSION = YES;
				CLANG_WARN_INT_CONVERSION = YES;
				CLANG_WARN_NON_LITERAL_NULL_CONVERSION = YES;
				CLANG_WARN_OBJC_IMPLICIT_RETAIN_SELF = YES;
				CLANG_WARN_OBJC_LITERAL_CONVERSION = YES;
				CLANG_WARN_OBJC_ROOT_CLASS = YES_ERROR;
				CLANG_WARN_QUOTED_INCLUDE_IN_FRAMEWORK_HEADER = YES;
				CLANG_WARN_RANGE_LOOP_ANALYSIS = YES;
				CLANG_WARN_STRICT_PROTOTYPES = YES;
				CLANG_WARN_SUSPICIOUS_MOVE = YES;
				CLANG_WARN_UNGUARDED_AVAILABILITY = YES_AGGRESSIVE;
				CLANG_WARN_UNREACHABLE_CODE = YES;
				CLANG_WARN__DUPLICATE_METHOD_MATCH = YES;
				COPY_PHASE_STRIP = NO;
				DEBUG_INFORMATION_FORMAT = dwarf;
				ENABLE_STRICT_OBJC_MSGSEND = YES;
				ENABLE_TESTABILITY = YES;
				GCC_C_LANGUAGE_STANDARD = gnu11;
				GCC_DYNAMIC_NO_PIC = NO;
				GCC_NO_COMMON_BLOCKS = YES;
				GCC_OPTIMIZATION_LEVEL = 0;
				GCC_PREPROCESSOR_DEFINITIONS = (
					"DEBUG=1",
					"$(inherited)",
				);
				GCC_WARN_64_TO_32_BIT_CONVERSION = YES;
				GCC_WARN_ABOUT_RETURN_TYPE = YES_ERROR;
				GCC_WARN_UNDECLARED_SELECTOR = YES;
				GCC_WARN_UNINITIALIZED_AUTOS = YES_AGGRESSIVE;
				GCC_WARN_UNUSED_FUNCTION = YES;
				GCC_WARN_UNUSED_VARIABLE = YES;
				IPHONEOS_DEPLOYMENT_TARGET = 16.4;
				MTL_ENABLE_DEBUG_INFO = INCLUDE_SOURCE;
				MTL_FAST_MATH = YES;
				ONLY_ACTIVE_ARCH = YES;
				SDKROOT = iphoneos;
				SWIFT_ACTIVE_COMPILATION_CONDITIONS = DEBUG;
				SWIFT_OPTIMIZATION_LEVEL = "-Onone";
			};
			name = Debug;
		};
		5B52AB302A4985DF000E503B /* Release */ = {
			isa = XCBuildConfiguration;
			buildSettings = {
				ALWAYS_SEARCH_USER_PATHS = NO;
				CLANG_ANALYZER_NONNULL = YES;
				CLANG_ANALYZER_NUMBER_OBJECT_CONVERSION = YES_AGGRESSIVE;
				CLANG_CXX_LANGUAGE_STANDARD = "gnu++20";
				CLANG_ENABLE_MODULES = YES;
				CLANG_ENABLE_OBJC_ARC = YES;
				CLANG_ENABLE_OBJC_WEAK = YES;
				CLANG_WARN_BLOCK_CAPTURE_AUTORELEASING = YES;
				CLANG_WARN_BOOL_CONVERSION = YES;
				CLANG_WARN_COMMA = YES;
				CLANG_WARN_CONSTANT_CONVERSION = YES;
				CLANG_WARN_DEPRECATED_OBJC_IMPLEMENTATIONS = YES;
				CLANG_WARN_DIRECT_OBJC_ISA_USAGE = YES_ERROR;
				CLANG_WARN_DOCUMENTATION_COMMENTS = YES;
				CLANG_WARN_EMPTY_BODY = YES;
				CLANG_WARN_ENUM_CONVERSION = YES;
				CLANG_WARN_INFINITE_RECURSION = YES;
				CLANG_WARN_INT_CONVERSION = YES;
				CLANG_WARN_NON_LITERAL_NULL_CONVERSION = YES;
				CLANG_WARN_OBJC_IMPLICIT_RETAIN_SELF = YES;
				CLANG_WARN_OBJC_LITERAL_CONVERSION = YES;
				CLANG_WARN_OBJC_ROOT_CLASS = YES_ERROR;
				CLANG_WARN_QUOTED_INCLUDE_IN_FRAMEWORK_HEADER = YES;
				CLANG_WARN_RANGE_LOOP_ANALYSIS = YES;
				CLANG_WARN_STRICT_PROTOTYPES = YES;
				CLANG_WARN_SUSPICIOUS_MOVE = YES;
				CLANG_WARN_UNGUARDED_AVAILABILITY = YES_AGGRESSIVE;
				CLANG_WARN_UNREACHABLE_CODE = YES;
				CLANG_WARN__DUPLICATE_METHOD_MATCH = YES;
				COPY_PHASE_STRIP = NO;
				DEBUG_INFORMATION_FORMAT = "dwarf-with-dsym";
				ENABLE_NS_ASSERTIONS = NO;
				ENABLE_STRICT_OBJC_MSGSEND = YES;
				GCC_C_LANGUAGE_STANDARD = gnu11;
				GCC_NO_COMMON_BLOCKS = YES;
				GCC_WARN_64_TO_32_BIT_CONVERSION = YES;
				GCC_WARN_ABOUT_RETURN_TYPE = YES_ERROR;
				GCC_WARN_UNDECLARED_SELECTOR = YES;
				GCC_WARN_UNINITIALIZED_AUTOS = YES_AGGRESSIVE;
				GCC_WARN_UNUSED_FUNCTION = YES;
				GCC_WARN_UNUSED_VARIABLE = YES;
				IPHONEOS_DEPLOYMENT_TARGET = 16.4;
				MTL_ENABLE_DEBUG_INFO = NO;
				MTL_FAST_MATH = YES;
				SDKROOT = iphoneos;
				SWIFT_COMPILATION_MODE = wholemodule;
				SWIFT_OPTIMIZATION_LEVEL = "-O";
				VALIDATE_PRODUCT = YES;
			};
			name = Release;
		};
		5B52AB322A4985DF000E503B /* Debug */ = {
			isa = XCBuildConfiguration;
			buildSettings = {
				ASSETCATALOG_COMPILER_APPICON_NAME = AppIcon;
				ASSETCATALOG_COMPILER_GLOBAL_ACCENT_COLOR_NAME = AccentColor;
				CODE_SIGN_STYLE = Automatic;
				CURRENT_PROJECT_VERSION = 1;
				DEVELOPMENT_ASSET_PATHS = "\"SwiftUIKnowledgeSharing/Preview Content\"";
				DEVELOPMENT_TEAM = P4P4WMUQQW;
				ENABLE_PREVIEWS = YES;
				GENERATE_INFOPLIST_FILE = YES;
				INFOPLIST_KEY_UIApplicationSceneManifest_Generation = YES;
				INFOPLIST_KEY_UIApplicationSupportsIndirectInputEvents = YES;
				INFOPLIST_KEY_UILaunchScreen_Generation = YES;
				INFOPLIST_KEY_UISupportedInterfaceOrientations_iPad = "UIInterfaceOrientationPortrait UIInterfaceOrientationPortraitUpsideDown UIInterfaceOrientationLandscapeLeft UIInterfaceOrientationLandscapeRight";
				INFOPLIST_KEY_UISupportedInterfaceOrientations_iPhone = "UIInterfaceOrientationPortrait UIInterfaceOrientationLandscapeLeft UIInterfaceOrientationLandscapeRight";
				LD_RUNPATH_SEARCH_PATHS = (
					"$(inherited)",
					"@executable_path/Frameworks",
				);
				MARKETING_VERSION = 1.0;
				PRODUCT_BUNDLE_IDENTIFIER = com.mohitdb7.iosuikit.SwiftUIKnowledgeSharing;
				PRODUCT_NAME = "$(TARGET_NAME)";
				SWIFT_EMIT_LOC_STRINGS = YES;
				SWIFT_VERSION = 5.0;
				TARGETED_DEVICE_FAMILY = "1,2";
			};
			name = Debug;
		};
		5B52AB332A4985DF000E503B /* Release */ = {
			isa = XCBuildConfiguration;
			buildSettings = {
				ASSETCATALOG_COMPILER_APPICON_NAME = AppIcon;
				ASSETCATALOG_COMPILER_GLOBAL_ACCENT_COLOR_NAME = AccentColor;
				CODE_SIGN_STYLE = Automatic;
				CURRENT_PROJECT_VERSION = 1;
				DEVELOPMENT_ASSET_PATHS = "\"SwiftUIKnowledgeSharing/Preview Content\"";
				DEVELOPMENT_TEAM = P4P4WMUQQW;
				ENABLE_PREVIEWS = YES;
				GENERATE_INFOPLIST_FILE = YES;
				INFOPLIST_KEY_UIApplicationSceneManifest_Generation = YES;
				INFOPLIST_KEY_UIApplicationSupportsIndirectInputEvents = YES;
				INFOPLIST_KEY_UILaunchScreen_Generation = YES;
				INFOPLIST_KEY_UISupportedInterfaceOrientations_iPad = "UIInterfaceOrientationPortrait UIInterfaceOrientationPortraitUpsideDown UIInterfaceOrientationLandscapeLeft UIInterfaceOrientationLandscapeRight";
				INFOPLIST_KEY_UISupportedInterfaceOrientations_iPhone = "UIInterfaceOrientationPortrait UIInterfaceOrientationLandscapeLeft UIInterfaceOrientationLandscapeRight";
				LD_RUNPATH_SEARCH_PATHS = (
					"$(inherited)",
					"@executable_path/Frameworks",
				);
				MARKETING_VERSION = 1.0;
				PRODUCT_BUNDLE_IDENTIFIER = com.mohitdb7.iosuikit.SwiftUIKnowledgeSharing;
				PRODUCT_NAME = "$(TARGET_NAME)";
				SWIFT_EMIT_LOC_STRINGS = YES;
				SWIFT_VERSION = 5.0;
				TARGETED_DEVICE_FAMILY = "1,2";
			};
			name = Release;
		};
/* End XCBuildConfiguration section */

/* Begin XCConfigurationList section */
		5B52AB1E2A4985DD000E503B /* Build configuration list for PBXProject "SwiftUIKnowledgeSharing" */ = {
			isa = XCConfigurationList;
			buildConfigurations = (
				5B52AB2F2A4985DF000E503B /* Debug */,
				5B52AB302A4985DF000E503B /* Release */,
			);
			defaultConfigurationIsVisible = 0;
			defaultConfigurationName = Release;
		};
		5B52AB312A4985DF000E503B /* Build configuration list for PBXNativeTarget "SwiftUIKnowledgeSharing" */ = {
			isa = XCConfigurationList;
			buildConfigurations = (
				5B52AB322A4985DF000E503B /* Debug */,
				5B52AB332A4985DF000E503B /* Release */,
			);
			defaultConfigurationIsVisible = 0;
			defaultConfigurationName = Release;
		};
/* End XCConfigurationList section */
	};
	rootObject = 5B52AB1B2A4985DD000E503B /* Project object */;
}
